
Microsoft Visual Studio Solution File, Format Version 12.00
# Visual Studio Version 17
VisualStudioVersion = 17.8.34309.116
MinimumVisualStudioVersion = 10.0.40219.1
Project("{FAE04EC0-301F-11D3-BF4B-00C04F79EFBC}") = "GitTest", "GitTest\GitTest.csproj", "{B693F63E-87FD-41B4-85A7-FB298E295C29}"
EndProject
Global
	GlobalSection(SolutionConfigurationPlatforms) = preSolution
		Debug|Any CPU = Debug|Any CPU
		Release|Any CPU = Release|Any CPU
	EndGlobalSection
	GlobalSection(ProjectConfigurationPlatforms) = postSolution
		{B693F63E-87FD-41B4-85A7-FB298E295C29}.Debug|Any CPU.ActiveCfg = Debug|Any CPU
		{B693F63E-87FD-41B4-85A7-FB298E295C29}.Debug|Any CPU.Build.0 = Debug|Any CPU
		{B693F63E-87FD-41B4-85A7-FB298E295C29}.Release|Any CPU.ActiveCfg = Release|Any CPU
		{B693F63E-87FD-41B4-85A7-FB298E295C29}.Release|Any CPU.Build.0 = Release|Any CPU
	EndGlobalSection
	GlobalSection(SolutionProperties) = preSolution
		HideSolutionNode = FALSE
	EndGlobalSection
	GlobalSection(ExtensibilityGlobals) = postSolution
		SolutionGuid = {148F8B91-1DD8-44DB-B2A2-47C2C46B5FA4}
	EndGlobalSection
EndGlobal
